{
  "name": "dwf-viewer",
  "version": "1.0.0",
  "lockfileVersion": 3,
  "requires": true,
  "packages": {
    "": {
      "name": "dwf-viewer",
      "version": "1.0.0",
      "license": "ISC",
      "dependencies": {
        "@flyfish-dev/dwf-viewer": "^0.6.4",
        "three": "^0.185.1"
      }
    },
    "node_modules/@flyfish-dev/dwf-viewer": {
      "version": "0.6.4",
      "resolved": "https://registry.npmjs.org/@flyfish-dev/dwf-viewer/-/dwf-viewer-0.6.4.tgz",
      "integrity": "sha512-IS1JoXVllGAVpYZ9qHz8pPf2FW9w8K4dyQWB4sLIHtHdGrRR4SZ+2AB3giBr2k/aIgZN1TLMD+6XC8qj5dCzjw==",
      "license": "AGPL-3.0-only",
      "engines": {
        "node": ">=18"
      },
      "peerDependencies": {
        "three": ">=0.150.0"
      },
      "peerDependenciesMeta": {
        "three": {
          "optional": true
        }
      }
    },
    "node_modules/three": {
      "version": "0.185.1",
      "resolved": "https://registry.npmjs.org/three/-/three-0.185.1.tgz",
      "integrity": "sha512-5aojFCXKwnjBRZvUnt3WFfEcvUJgkN5LlijRFN95hMy8WVkG4I0QNcJE+OuWvuJ0bOdStrbfXn0pkd6/QyiAlg==",
      "license": "MIT"
    }
  }
}
